
Microsoft Visual Studio Solution File, Format Version 12.00
# Visual Studio Version 17
VisualStudioVersion = 17.0.31903.59
MinimumVisualStudioVersion = 10.0.40219.1
Project("{FAE04EC0-301F-11D3-BF4B-00C04F79EFBC}") = "shopflow.api", "shopflow.api\shopflow.api.csproj", "{C511019D-7A08-4CE5-85F6-761AC9F6D714}"
EndProject
Project("{FAE04EC0-301F-11D3-BF4B-00C04F79EFBC}") = "shopflow.application", "shopflow.application\shopflow.application.csproj", "{4143CBCB-6373-42B6-98DB-563E556BBF8F}"
EndProject
Project("{FAE04EC0-301F-11D3-BF4B-00C04F79EFBC}") = "shopflow.contract", "shopflow.contract\shopflow.contract.csproj", "{F7B18DBB-3576-46A5-8FD1-3522CD54C133}"
EndProject
Project("{FAE04EC0-301F-11D3-BF4B-00C04F79EFBC}") = "shopflow.repository", "shopflow.repository\shopflow.repository.csproj", "{01798D5B-9D83-4476-85AA-2C43232656F5}"
EndProject
Global
	GlobalSection(SolutionConfigurationPlatforms) = preSolution
		Debug|Any CPU = Debug|Any CPU
		Release|Any CPU = Release|Any CPU
	EndGlobalSection
	GlobalSection(SolutionProperties) = preSolution
		HideSolutionNode = FALSE
	EndGlobalSection
	GlobalSection(ProjectConfigurationPlatforms) = postSolution
		{1F4296C9-3946-4801-A7C0-D9E72EAC8C42}.Debug|Any CPU.ActiveCfg = Debug|Any CPU
		{1F4296C9-3946-4801-A7C0-D9E72EAC8C42}.Debug|Any CPU.Build.0 = Debug|Any CPU
		{1F4296C9-3946-4801-A7C0-D9E72EAC8C42}.Release|Any CPU.ActiveCfg = Release|Any CPU
		{1F4296C9-3946-4801-A7C0-D9E72EAC8C42}.Release|Any CPU.Build.0 = Release|Any CPU
		{C511019D-7A08-4CE5-85F6-761AC9F6D714}.Debug|Any CPU.ActiveCfg = Debug|Any CPU
		{C511019D-7A08-4CE5-85F6-761AC9F6D714}.Debug|Any CPU.Build.0 = Debug|Any CPU
		{C511019D-7A08-4CE5-85F6-761AC9F6D714}.Release|Any CPU.ActiveCfg = Release|Any CPU
		{C511019D-7A08-4CE5-85F6-761AC9F6D714}.Release|Any CPU.Build.0 = Release|Any CPU
		{4143CBCB-6373-42B6-98DB-563E556BBF8F}.Debug|Any CPU.ActiveCfg = Debug|Any CPU
		{4143CBCB-6373-42B6-98DB-563E556BBF8F}.Debug|Any CPU.Build.0 = Debug|Any CPU
		{4143CBCB-6373-42B6-98DB-563E556BBF8F}.Release|Any CPU.ActiveCfg = Release|Any CPU
		{4143CBCB-6373-42B6-98DB-563E556BBF8F}.Release|Any CPU.Build.0 = Release|Any CPU
		{F7B18DBB-3576-46A5-8FD1-3522CD54C133}.Debug|Any CPU.ActiveCfg = Debug|Any CPU
		{F7B18DBB-3576-46A5-8FD1-3522CD54C133}.Debug|Any CPU.Build.0 = Debug|Any CPU
		{F7B18DBB-3576-46A5-8FD1-3522CD54C133}.Release|Any CPU.ActiveCfg = Release|Any CPU
		{F7B18DBB-3576-46A5-8FD1-3522CD54C133}.Release|Any CPU.Build.0 = Release|Any CPU
		{01798D5B-9D83-4476-85AA-2C43232656F5}.Debug|Any CPU.ActiveCfg = Debug|Any CPU
		{01798D5B-9D83-4476-85AA-2C43232656F5}.Debug|Any CPU.Build.0 = Debug|Any CPU
		{01798D5B-9D83-4476-85AA-2C43232656F5}.Release|Any CPU.ActiveCfg = Release|Any CPU
		{01798D5B-9D83-4476-85AA-2C43232656F5}.Release|Any CPU.Build.0 = Release|Any CPU
	EndGlobalSection
EndGlobal
